
Microsoft Visual Studio Solution File, Format Version 12.00
# Visual Studio Version 17
VisualStudioVersion = 17.0.31903.59
MinimumVisualStudioVersion = 10.0.40219.1
Project("{FAE04EC0-301F-11D3-BF4B-00C04F79EFBC}") = "Ficha_2", "Ficha_2\Ficha_2.csproj", "{1BA889EC-F6E0-40FD-B2DF-BCD7F4B4E820}"
EndProject
Project("{FAE04EC0-301F-11D3-BF4B-00C04F79EFBC}") = "Ficha_3", "Ficha_3\Ficha_3.csproj", "{5E9888B2-DC2F-4124-B5A8-97697AC081E1}"
EndProject
Global
	GlobalSection(SolutionConfigurationPlatforms) = preSolution
		Debug|Any CPU = Debug|Any CPU
		Release|Any CPU = Release|Any CPU
	EndGlobalSection
	GlobalSection(SolutionProperties) = preSolution
		HideSolutionNode = FALSE
	EndGlobalSection
	GlobalSection(ProjectConfigurationPlatforms) = postSolution
		{1BA889EC-F6E0-40FD-B2DF-BCD7F4B4E820}.Debug|Any CPU.ActiveCfg = Debug|Any CPU
		{1BA889EC-F6E0-40FD-B2DF-BCD7F4B4E820}.Debug|Any CPU.Build.0 = Debug|Any CPU
		{1BA889EC-F6E0-40FD-B2DF-BCD7F4B4E820}.Release|Any CPU.ActiveCfg = Release|Any CPU
		{1BA889EC-F6E0-40FD-B2DF-BCD7F4B4E820}.Release|Any CPU.Build.0 = Release|Any CPU
		{5E9888B2-DC2F-4124-B5A8-97697AC081E1}.Debug|Any CPU.ActiveCfg = Debug|Any CPU
		{5E9888B2-DC2F-4124-B5A8-97697AC081E1}.Debug|Any CPU.Build.0 = Debug|Any CPU
		{5E9888B2-DC2F-4124-B5A8-97697AC081E1}.Release|Any CPU.ActiveCfg = Release|Any CPU
		{5E9888B2-DC2F-4124-B5A8-97697AC081E1}.Release|Any CPU.Build.0 = Release|Any CPU
	EndGlobalSection
EndGlobal
